
Microsoft Visual Studio Solution File, Format Version 12.00
# Visual Studio Version 16
VisualStudioVersion = 16.0.29123.88
MinimumVisualStudioVersion = 10.0.40219.1
Project("{9A19103F-16F7-4668-BE54-9A1E7A4F7556}") = "Laboratorio_2_OOP_201902", "..\..\..\..\OneDrive\Escritorio\Lab 03POO\Laboratorio_2_OOP_201902\Laboratorio_2_OOP_201902.csproj", "{A18DA159-E325-446E-B1E1-A8E716389D13}"
EndProject
Global
	GlobalSection(SolutionConfigurationPlatforms) = preSolution
		Debug|Any CPU = Debug|Any CPU
		Release|Any CPU = Release|Any CPU
	EndGlobalSection
	GlobalSection(ProjectConfigurationPlatforms) = postSolution
		{A18DA159-E325-446E-B1E1-A8E716389D13}.Debug|Any CPU.ActiveCfg = Debug|Any CPU
		{A18DA159-E325-446E-B1E1-A8E716389D13}.Debug|Any CPU.Build.0 = Debug|Any CPU
		{A18DA159-E325-446E-B1E1-A8E716389D13}.Release|Any CPU.ActiveCfg = Release|Any CPU
		{A18DA159-E325-446E-B1E1-A8E716389D13}.Release|Any CPU.Build.0 = Release|Any CPU
	EndGlobalSection
	GlobalSection(SolutionProperties) = preSolution
		HideSolutionNode = FALSE
	EndGlobalSection
	GlobalSection(ExtensibilityGlobals) = postSolution
		SolutionGuid = {C15B613B-FEA5-4DDB-B4AC-274E22D5BB79}
	EndGlobalSection
EndGlobal
